
Microsoft Visual Studio Solution File, Format Version 12.00
# Visual Studio Version 16
VisualStudioVersion = 16.0.28729.10
MinimumVisualStudioVersion = 10.0.40219.1
Project("{FAE04EC0-301F-11D3-BF4B-00C04F79EFBC}") = "SignalRDemo", "SignalRDemo\SignalRDemo.csproj", "{D82C2200-CBCA-480C-97AA-704983493C05}"
EndProject
Global
	GlobalSection(SolutionConfigurationPlatforms) = preSolution
		Debug|Any CPU = Debug|Any CPU
		Release|Any CPU = Release|Any CPU
	EndGlobalSection
	GlobalSection(ProjectConfigurationPlatforms) = postSolution
		{D82C2200-CBCA-480C-97AA-704983493C05}.Debug|Any CPU.ActiveCfg = Debug|Any CPU
		{D82C2200-CBCA-480C-97AA-704983493C05}.Debug|Any CPU.Build.0 = Debug|Any CPU
		{D82C2200-CBCA-480C-97AA-704983493C05}.Release|Any CPU.ActiveCfg = Release|Any CPU
		{D82C2200-CBCA-480C-97AA-704983493C05}.Release|Any CPU.Build.0 = Release|Any CPU
	EndGlobalSection
	GlobalSection(SolutionProperties) = preSolution
		HideSolutionNode = FALSE
	EndGlobalSection
	GlobalSection(ExtensibilityGlobals) = postSolution
		SolutionGuid = {2C63F56F-6C76-4C0B-942C-6DE6EC5A260A}
	EndGlobalSection
EndGlobal
